
Microsoft Visual Studio Solution File, Format Version 12.00
# Visual Studio Version 16
VisualStudioVersion = 16.0.30128.74
MinimumVisualStudioVersion = 10.0.40219.1
Project("{FAE04EC0-301F-11D3-BF4B-00C04F79EFBC}") = "BinaryFileHandling.App", "BinaryFileHandling.App\BinaryFileHandling.App.csproj", "{8496749A-816A-494E-9467-6DC87758D0BF}"
EndProject
Global
	GlobalSection(SolutionConfigurationPlatforms) = preSolution
		Debug|Any CPU = Debug|Any CPU
		Release|Any CPU = Release|Any CPU
	EndGlobalSection
	GlobalSection(ProjectConfigurationPlatforms) = postSolution
		{8496749A-816A-494E-9467-6DC87758D0BF}.Debug|Any CPU.ActiveCfg = Debug|Any CPU
		{8496749A-816A-494E-9467-6DC87758D0BF}.Debug|Any CPU.Build.0 = Debug|Any CPU
		{8496749A-816A-494E-9467-6DC87758D0BF}.Release|Any CPU.ActiveCfg = Release|Any CPU
		{8496749A-816A-494E-9467-6DC87758D0BF}.Release|Any CPU.Build.0 = Release|Any CPU
	EndGlobalSection
	GlobalSection(SolutionProperties) = preSolution
		HideSolutionNode = FALSE
	EndGlobalSection
	GlobalSection(ExtensibilityGlobals) = postSolution
		SolutionGuid = {ADB5E8A2-F044-46AD-BDED-B04D3B9AB850}
	EndGlobalSection
EndGlobal
